
Microsoft Visual Studio Solution File, Format Version 12.00
# Visual Studio 15
VisualStudioVersion = 15.0.28307.779
MinimumVisualStudioVersion = 10.0.40219.1
Project("{2150E333-8FDC-42A3-9474-1A3956D46DE8}") = "AdwardSoft.Databases", "AdwardSoft.Databases", "{A14F7B07-0335-41A7-B647-00730F3D121E}"
EndProject
Project("{2150E333-8FDC-42A3-9474-1A3956D46DE8}") = "AdwardSoft.DistributedService", "AdwardSoft.DistributedService", "{F666C41B-2E04-461E-A0D4-63B8BF932B24}"
EndProject
Project("{2150E333-8FDC-42A3-9474-1A3956D46DE8}") = "AdwardSoft.Domain", "AdwardSoft.Domain", "{047C9C1D-A16A-4660-B8E7-7CF9DAF96778}"
EndProject
Project("{2150E333-8FDC-42A3-9474-1A3956D46DE8}") = "AdwardSoft.Infrastructure", "AdwardSoft.Infrastructure", "{496873D3-C705-4E3B-B6EB-F72A8DF31965}"
EndProject
Project("{2150E333-8FDC-42A3-9474-1A3956D46DE8}") = "AdwardSoft.Presentation", "AdwardSoft.Presentation", "{707B3279-2383-44EE-B564-04B34A82A941}"
EndProject
Project("{00D1A9C2-B5F0-4AF3-8072-F6C62B433612}") = "AdwardSoft.Db.Core", "AdwardSoft.Db.Core\AdwardSoft.Db.Core.sqlproj", "{7F764584-5B64-4062-BA95-EADE4E5D8515}"
EndProject
Project("{00D1A9C2-B5F0-4AF3-8072-F6C62B433612}") = "AdwardSoft.Db.CMS", "AdwardSoft.Db.CMS\AdwardSoft.Db.CMS.sqlproj", "{B73C9133-3A12-4D8E-9379-0C2B1D2DB662}"
EndProject
Project("{9A19103F-16F7-4668-BE54-9A1E7A4F7556}") = "AdwardSoft.Web.Inside", "AdwardSoft.Web.Inside\AdwardSoft.Web.Inside.csproj", "{55EC40B4-3457-4869-A5D0-60C6179D2B44}"
EndProject
Project("{9A19103F-16F7-4668-BE54-9A1E7A4F7556}") = "AdwardSoft.Repositories", "AdwardSoft.Repositories\AdwardSoft.Repositories.csproj", "{43A4155A-2CF6-41DD-9C8E-F65F1B23B332}"
EndProject
Project("{9A19103F-16F7-4668-BE54-9A1E7A4F7556}") = "AdwardSoft.Core", "AdwardSoft.Core\AdwardSoft.Core.csproj", "{3E3DA080-E0A3-4592-BB62-6840743D0DD2}"
EndProject
Project("{9A19103F-16F7-4668-BE54-9A1E7A4F7556}") = "AdwardSoft.DTO", "AdwardSoft.DTO\AdwardSoft.DTO.csproj", "{FFF422CE-9225-4A00-B9C7-B1FD4162DDA5}"
EndProject
Project("{9A19103F-16F7-4668-BE54-9A1E7A4F7556}") = "AdwardSoft.Provider", "AdwardSoft.Provider\AdwardSoft.Provider.csproj", "{854A50AD-BE21-417C-9010-67FB29D59186}"
EndProject
Project("{9A19103F-16F7-4668-BE54-9A1E7A4F7556}") = "AdwardSoft.ValueObjects", "AdwardSoft.ValueObjects\AdwardSoft.ValueObjects.csproj", "{C2CE3480-AAEC-447B-869A-50F072344D05}"
EndProject
Project("{9A19103F-16F7-4668-BE54-9A1E7A4F7556}") = "AdwardSoft.API.Authentication", "AdwardSoft.API.Authentication\AdwardSoft.API.Authentication.csproj", "{0156651A-0EDF-4892-9E12-A5AF28C73AC1}"
EndProject
Project("{9A19103F-16F7-4668-BE54-9A1E7A4F7556}") = "AdwardSoft.API.Core", "AdwardSoft.API.Core\AdwardSoft.API.Core.csproj", "{AA3F80B9-568E-4366-84FA-F867326E3E4D}"
EndProject
Project("{9A19103F-16F7-4668-BE54-9A1E7A4F7556}") = "AdwardSoft.API.Mobile", "AdwardSoft.API.Mobile\AdwardSoft.API.Mobile.csproj", "{9EE714EC-98E8-481C-ADB5-156F96ACA4BC}"
EndProject
Global
	GlobalSection(SolutionConfigurationPlatforms) = preSolution
		Debug|Any CPU = Debug|Any CPU
		Release|Any CPU = Release|Any CPU
	EndGlobalSection
	GlobalSection(ProjectConfigurationPlatforms) = postSolution
		{7F764584-5B64-4062-BA95-EADE4E5D8515}.Debug|Any CPU.ActiveCfg = Debug|Any CPU
		{7F764584-5B64-4062-BA95-EADE4E5D8515}.Debug|Any CPU.Build.0 = Debug|Any CPU
		{7F764584-5B64-4062-BA95-EADE4E5D8515}.Debug|Any CPU.Deploy.0 = Debug|Any CPU
		{7F764584-5B64-4062-BA95-EADE4E5D8515}.Release|Any CPU.ActiveCfg = Release|Any CPU
		{7F764584-5B64-4062-BA95-EADE4E5D8515}.Release|Any CPU.Build.0 = Release|Any CPU
		{7F764584-5B64-4062-BA95-EADE4E5D8515}.Release|Any CPU.Deploy.0 = Release|Any CPU
		{B73C9133-3A12-4D8E-9379-0C2B1D2DB662}.Debug|Any CPU.ActiveCfg = Debug|Any CPU
		{B73C9133-3A12-4D8E-9379-0C2B1D2DB662}.Debug|Any CPU.Build.0 = Debug|Any CPU
		{B73C9133-3A12-4D8E-9379-0C2B1D2DB662}.Debug|Any CPU.Deploy.0 = Debug|Any CPU
		{B73C9133-3A12-4D8E-9379-0C2B1D2DB662}.Release|Any CPU.ActiveCfg = Release|Any CPU
		{B73C9133-3A12-4D8E-9379-0C2B1D2DB662}.Release|Any CPU.Build.0 = Release|Any CPU
		{B73C9133-3A12-4D8E-9379-0C2B1D2DB662}.Release|Any CPU.Deploy.0 = Release|Any CPU
		{55EC40B4-3457-4869-A5D0-60C6179D2B44}.Debug|Any CPU.ActiveCfg = Debug|Any CPU
		{55EC40B4-3457-4869-A5D0-60C6179D2B44}.Debug|Any CPU.Build.0 = Debug|Any CPU
		{55EC40B4-3457-4869-A5D0-60C6179D2B44}.Release|Any CPU.ActiveCfg = Release|Any CPU
		{55EC40B4-3457-4869-A5D0-60C6179D2B44}.Release|Any CPU.Build.0 = Release|Any CPU
		{43A4155A-2CF6-41DD-9C8E-F65F1B23B332}.Debug|Any CPU.ActiveCfg = Debug|Any CPU
		{43A4155A-2CF6-41DD-9C8E-F65F1B23B332}.Debug|Any CPU.Build.0 = Debug|Any CPU
		{43A4155A-2CF6-41DD-9C8E-F65F1B23B332}.Release|Any CPU.ActiveCfg = Release|Any CPU
		{43A4155A-2CF6-41DD-9C8E-F65F1B23B332}.Release|Any CPU.Build.0 = Release|Any CPU
		{3E3DA080-E0A3-4592-BB62-6840743D0DD2}.Debug|Any CPU.ActiveCfg = Debug|Any CPU
		{3E3DA080-E0A3-4592-BB62-6840743D0DD2}.Debug|Any CPU.Build.0 = Debug|Any CPU
		{3E3DA080-E0A3-4592-BB62-6840743D0DD2}.Release|Any CPU.ActiveCfg = Release|Any CPU
		{3E3DA080-E0A3-4592-BB62-6840743D0DD2}.Release|Any CPU.Build.0 = Release|Any CPU
		{FFF422CE-9225-4A00-B9C7-B1FD4162DDA5}.Debug|Any CPU.ActiveCfg = Debug|Any CPU
		{FFF422CE-9225-4A00-B9C7-B1FD4162DDA5}.Debug|Any CPU.Build.0 = Debug|Any CPU
		{FFF422CE-9225-4A00-B9C7-B1FD4162DDA5}.Release|Any CPU.ActiveCfg = Release|Any CPU
		{FFF422CE-9225-4A00-B9C7-B1FD4162DDA5}.Release|Any CPU.Build.0 = Release|Any CPU
		{854A50AD-BE21-417C-9010-67FB29D59186}.Debug|Any CPU.ActiveCfg = Debug|Any CPU
		{854A50AD-BE21-417C-9010-67FB29D59186}.Debug|Any CPU.Build.0 = Debug|Any CPU
		{854A50AD-BE21-417C-9010-67FB29D59186}.Release|Any CPU.ActiveCfg = Release|Any CPU
		{854A50AD-BE21-417C-9010-67FB29D59186}.Release|Any CPU.Build.0 = Release|Any CPU
		{C2CE3480-AAEC-447B-869A-50F072344D05}.Debug|Any CPU.ActiveCfg = Debug|Any CPU
		{C2CE3480-AAEC-447B-869A-50F072344D05}.Debug|Any CPU.Build.0 = Debug|Any CPU
		{C2CE3480-AAEC-447B-869A-50F072344D05}.Release|Any CPU.ActiveCfg = Release|Any CPU
		{C2CE3480-AAEC-447B-869A-50F072344D05}.Release|Any CPU.Build.0 = Release|Any CPU
		{0156651A-0EDF-4892-9E12-A5AF28C73AC1}.Debug|Any CPU.ActiveCfg = Debug|Any CPU
		{0156651A-0EDF-4892-9E12-A5AF28C73AC1}.Debug|Any CPU.Build.0 = Debug|Any CPU
		{0156651A-0EDF-4892-9E12-A5AF28C73AC1}.Release|Any CPU.ActiveCfg = Release|Any CPU
		{0156651A-0EDF-4892-9E12-A5AF28C73AC1}.Release|Any CPU.Build.0 = Release|Any CPU
		{AA3F80B9-568E-4366-84FA-F867326E3E4D}.Debug|Any CPU.ActiveCfg = Debug|Any CPU
		{AA3F80B9-568E-4366-84FA-F867326E3E4D}.Debug|Any CPU.Build.0 = Debug|Any CPU
		{AA3F80B9-568E-4366-84FA-F867326E3E4D}.Release|Any CPU.ActiveCfg = Release|Any CPU
		{AA3F80B9-568E-4366-84FA-F867326E3E4D}.Release|Any CPU.Build.0 = Release|Any CPU
		{9EE714EC-98E8-481C-ADB5-156F96ACA4BC}.Debug|Any CPU.ActiveCfg = Debug|Any CPU
		{9EE714EC-98E8-481C-ADB5-156F96ACA4BC}.Debug|Any CPU.Build.0 = Debug|Any CPU
		{9EE714EC-98E8-481C-ADB5-156F96ACA4BC}.Release|Any CPU.ActiveCfg = Release|Any CPU
		{9EE714EC-98E8-481C-ADB5-156F96ACA4BC}.Release|Any CPU.Build.0 = Release|Any CPU
	EndGlobalSection
	GlobalSection(SolutionProperties) = preSolution
		HideSolutionNode = FALSE
	EndGlobalSection
	GlobalSection(NestedProjects) = preSolution
		{7F764584-5B64-4062-BA95-EADE4E5D8515} = {A14F7B07-0335-41A7-B647-00730F3D121E}
		{B73C9133-3A12-4D8E-9379-0C2B1D2DB662} = {A14F7B07-0335-41A7-B647-00730F3D121E}
		{55EC40B4-3457-4869-A5D0-60C6179D2B44} = {707B3279-2383-44EE-B564-04B34A82A941}
		{43A4155A-2CF6-41DD-9C8E-F65F1B23B332} = {496873D3-C705-4E3B-B6EB-F72A8DF31965}
		{3E3DA080-E0A3-4592-BB62-6840743D0DD2} = {047C9C1D-A16A-4660-B8E7-7CF9DAF96778}
		{FFF422CE-9225-4A00-B9C7-B1FD4162DDA5} = {047C9C1D-A16A-4660-B8E7-7CF9DAF96778}
		{854A50AD-BE21-417C-9010-67FB29D59186} = {047C9C1D-A16A-4660-B8E7-7CF9DAF96778}
		{C2CE3480-AAEC-447B-869A-50F072344D05} = {047C9C1D-A16A-4660-B8E7-7CF9DAF96778}
		{0156651A-0EDF-4892-9E12-A5AF28C73AC1} = {F666C41B-2E04-461E-A0D4-63B8BF932B24}
		{AA3F80B9-568E-4366-84FA-F867326E3E4D} = {F666C41B-2E04-461E-A0D4-63B8BF932B24}
		{9EE714EC-98E8-481C-ADB5-156F96ACA4BC} = {F666C41B-2E04-461E-A0D4-63B8BF932B24}
	EndGlobalSection
	GlobalSection(ExtensibilityGlobals) = postSolution
		SolutionGuid = {6869B84D-C5B1-4F52-BB77-0719C99D58F0}
	EndGlobalSection
EndGlobal
